{
  "name": "termbridge-mcp",
  "version": "0.2.1",
  "lockfileVersion": 3,
  "requires": true,
  "packages": {
    "": {
      "name": "termbridge-mcp",
      "version": "0.2.1",
      "license": "Apache-2.0",
      "bin": {
        "termbridge": "bin/termbridge.js",
        "termbridge-auth-helper": "bin/termbridge-auth-helper.js",
        "termbridge-mcp": "bin/termbridge-mcp.js"
      },
      "engines": {
        "node": ">=18"
      }
    }
  }
}
